
Microsoft Visual Studio Solution File, Format Version 11.00
# Visual Studio 2010
Project("{FAE04EC0-301F-11D3-BF4B-00C04F79EFBC}") = "Assembly-CSharp", "Assembly-CSharp.csproj", "{DEEEA5C0-597B-D2B0-90A6-A5CE1ED5841E}"
EndProject
Project("{FAE04EC0-301F-11D3-BF4B-00C04F79EFBC}") = "Assembly-CSharp-firstpass", "Assembly-CSharp-firstpass.csproj", "{40651D4D-F491-5F49-C933-6A757A6DCA71}"
EndProject
Project("{FAE04EC0-301F-11D3-BF4B-00C04F79EFBC}") = "Assembly-CSharp-Editor-firstpass", "Assembly-CSharp-Editor-firstpass.csproj", "{2C282688-6BDF-CE93-E9A2-FEDCA0D6F87B}"
EndProject
Project("{FAE04EC0-301F-11D3-BF4B-00C04F79EFBC}") = "Assembly-CSharp-Editor", "Assembly-CSharp-Editor.csproj", "{F7BB7720-0760-B2BD-0389-2C339118CDEB}"
EndProject
Global
	GlobalSection(SolutionConfigurationPlatforms) = preSolution
		Debug|Any CPU = Debug|Any CPU
		Release|Any CPU = Release|Any CPU
	EndGlobalSection
	GlobalSection(ProjectConfigurationPlatforms) = postSolution
		{DEEEA5C0-597B-D2B0-90A6-A5CE1ED5841E}.Debug|Any CPU.ActiveCfg = Debug|Any CPU
		{DEEEA5C0-597B-D2B0-90A6-A5CE1ED5841E}.Debug|Any CPU.Build.0 = Debug|Any CPU
		{DEEEA5C0-597B-D2B0-90A6-A5CE1ED5841E}.Release|Any CPU.ActiveCfg = Release|Any CPU
		{DEEEA5C0-597B-D2B0-90A6-A5CE1ED5841E}.Release|Any CPU.Build.0 = Release|Any CPU
		{40651D4D-F491-5F49-C933-6A757A6DCA71}.Debug|Any CPU.ActiveCfg = Debug|Any CPU
		{40651D4D-F491-5F49-C933-6A757A6DCA71}.Debug|Any CPU.Build.0 = Debug|Any CPU
		{40651D4D-F491-5F49-C933-6A757A6DCA71}.Release|Any CPU.ActiveCfg = Release|Any CPU
		{40651D4D-F491-5F49-C933-6A757A6DCA71}.Release|Any CPU.Build.0 = Release|Any CPU
		{2C282688-6BDF-CE93-E9A2-FEDCA0D6F87B}.Debug|Any CPU.ActiveCfg = Debug|Any CPU
		{2C282688-6BDF-CE93-E9A2-FEDCA0D6F87B}.Debug|Any CPU.Build.0 = Debug|Any CPU
		{2C282688-6BDF-CE93-E9A2-FEDCA0D6F87B}.Release|Any CPU.ActiveCfg = Release|Any CPU
		{2C282688-6BDF-CE93-E9A2-FEDCA0D6F87B}.Release|Any CPU.Build.0 = Release|Any CPU
		{F7BB7720-0760-B2BD-0389-2C339118CDEB}.Debug|Any CPU.ActiveCfg = Debug|Any CPU
		{F7BB7720-0760-B2BD-0389-2C339118CDEB}.Debug|Any CPU.Build.0 = Debug|Any CPU
		{F7BB7720-0760-B2BD-0389-2C339118CDEB}.Release|Any CPU.ActiveCfg = Release|Any CPU
		{F7BB7720-0760-B2BD-0389-2C339118CDEB}.Release|Any CPU.Build.0 = Release|Any CPU
	EndGlobalSection
	GlobalSection(SolutionProperties) = preSolution
		HideSolutionNode = FALSE
	EndGlobalSection
	GlobalSection(MonoDevelopProperties) = preSolution
		StartupItem = Assembly-CSharp.csproj
	EndGlobalSection
EndGlobal
